{
  "name": "client",
  "lockfileVersion": 3,
  "requires": true,
  "packages": {
    "": {
      "dependencies": {
        "server": "file:.."
      }
    },
    "..": {
      "version": "1.0.0",
      "license": "ISC",
      "dependencies": {
        "aws-sdk": "^2.1692.0",
        "bcrypt": "^5.1.1",
        "concurrently": "^9.1.2",
        "cookie-parser": "^1.4.7",
        "dayjs": "^1.11.13",
        "dotenv": "^16.4.7",
        "express": "^4.21.2",
        "express-validator": "^7.2.1",
        "jsonwebtoken": "^9.0.2",
        "mongoose": "^8.9.5",
        "morgan": "^1.10.0",
        "nanoid": "^3.3.8",
        "nodemon": "^3.1.9",
        "rimraf": "^6.0.1"
      }
    },
    "node_modules/server": {
      "resolved": "..",
      "link": true
    }
  }
}
